// !$*UTF8*$!
{
	archiveVersion = 1;
	classes = {
	};
	objectVersion = 52;
	objects = {

/* Begin PBXBuildFile section */
		A1F9ADC02438D131000B89DB /* AppDelegate.swift in Sources */ = {isa = PBXBuildFile; fileRef = A1F9ADBF2438D131000B89DB /* AppDelegate.swift */; };
		A1F9ADC22438D131000B89DB /* ContentView.swift in Sources */ = {isa = PBXBuildFile; fileRef = A1F9ADC12438D131000B89DB /* ContentView.swift */; };
		A1F9ADC52438D131000B89DB /* CreativeWorksTimer.xcdatamodeld in Sources */ = {isa = PBXBuildFile; fileRef = A1F9ADC32438D131000B89DB /* CreativeWorksTimer.xcdatamodeld */; };
		A1F9ADC72438D137000B89DB /* Assets.xcassets in Resources */ = {isa = PBXBuildFile; fileRef = A1F9ADC62438D137000B89DB /* Assets.xcassets */; };
		A1F9ADCA2438D137000B89DB /* Preview Assets.xcassets in Resources */ = {isa = PBXBuildFile; fileRef = A1F9ADC92438D137000B89DB /* Preview Assets.xcassets */; };
		A1F9ADCD2438D137000B89DB /* Main.storyboard in Resources */ = {isa = PBXBuildFile; fileRef = A1F9ADCB2438D137000B89DB /* Main.storyboard */; };
		A1F9ADD92438D137000B89DB /* CreativeWorksTimerTests.swift in Sources */ = {isa = PBXBuildFile; fileRef = A1F9ADD82438D137000B89DB /* CreativeWorksTimerTests.swift */; };
		A1F9ADE42438D137000B89DB /* CreativeWorksTimerUITests.swift in Sources */ = {isa = PBXBuildFile; fileRef = A1F9ADE32438D137000B89DB /* CreativeWorksTimerUITests.swift */; };
		A1F9ADF32438D1D8000B89DB /* Alamofire in Frameworks */ = {isa = PBXBuildFile; productRef = A1F9ADF22438D1D8000B89DB /* Alamofire */; };
/* End PBXBuildFile section */

/* Begin PBXContainerItemProxy section */
		A1F9ADD52438D137000B89DB /* PBXContainerItemProxy */ = {
			isa = PBXContainerItemProxy;
			containerPortal = A1F9ADB42438D131000B89DB /* Project object */;
			proxyType = 1;
			remoteGlobalIDString = A1F9ADBB2438D131000B89DB;
			remoteInfo = CreativeWorksTimer;
		};
		A1F9ADE02438D137000B89DB /* PBXContainerItemProxy */ = {
			isa = PBXContainerItemProxy;
			containerPortal = A1F9ADB42438D131000B89DB /* Project object */;
			proxyType = 1;
			remoteGlobalIDString = A1F9ADBB2438D131000B89DB;
			remoteInfo = CreativeWorksTimer;
		};
/* End PBXContainerItemProxy section */

/* Begin PBXFileReference section */
		A1F9ADBC2438D131000B89DB /* CreativeWorksTimer.app */ = {isa = PBXFileReference; explicitFileType = wrapper.application; includeInIndex = 0; path = CreativeWorksTimer.app; sourceTree = BUILT_PRODUCTS_DIR; };
		A1F9ADBF2438D131000B89DB /* AppDelegate.swift */ = {isa = PBXFileReference; lastKnownFileType = sourcecode.swift; path = AppDelegate.swift; sourceTree = "<group>"; };
		A1F9ADC12438D131000B89DB /* ContentView.swift */ = {isa = PBXFileReference; lastKnownFileType = sourcecode.swift; path = ContentView.swift; sourceTree = "<group>"; };
		A1F9ADC42438D131000B89DB /* CreativeWorksTimer.xcdatamodel */ = {isa = PBXFileReference; lastKnownFileType = wrapper.xcdatamodel; path = CreativeWorksTimer.xcdatamodel; sourceTree = "<group>"; };
		A1F9ADC62438D137000B89DB /* Assets.xcassets */ = {isa = PBXFileReference; lastKnownFileType = folder.assetcatalog; path = Assets.xcassets; sourceTree = "<group>"; };
		A1F9ADC92438D137000B89DB /* Preview Assets.xcassets */ = {isa = PBXFileReference; lastKnownFileType = folder.assetcatalog; path = "Preview Assets.xcassets"; sourceTree = "<group>"; };
		A1F9ADCC2438D137000B89DB /* Base */ = {isa = PBXFileReference; lastKnownFileType = file.storyboard; name = Base; path = Base.lproj/Main.storyboard; sourceTree = "<group>"; };
		A1F9ADCE2438D137000B89DB /* Info.plist */ = {isa = PBXFileReference; lastKnownFileType = text.plist.xml; path = Info.plist; sourceTree = "<group>"; };
		A1F9ADCF2438D137000B89DB /* CreativeWorksTimer.entitlements */ = {isa = PBXFileReference; lastKnownFileType = text.plist.entitlements; path = CreativeWorksTimer.entitlements; sourceTree = "<group>"; };
		A1F9ADD42438D137000B89DB /* CreativeWorksTimerTests.xctest */ = {isa = PBXFileReference; explicitFileType = wrapper.cfbundle; includeInIndex = 0; path = CreativeWorksTimerTests.xctest; sourceTree = BUILT_PRODUCTS_DIR; };
		A1F9ADD82438D137000B89DB /* CreativeWorksTimerTests.swift */ = {isa = PBXFileReference; lastKnownFileType = sourcecode.swift; path = CreativeWorksTimerTests.swift; sourceTree = "<group>"; };
		A1F9ADDA2438D137000B89DB /* Info.plist */ = {isa = PBXFileReference; lastKnownFileType = text.plist.xml; path = Info.plist; sourceTree = "<group>"; };
		A1F9ADDF2438D137000B89DB /* CreativeWorksTimerUITests.xctest */ = {isa = PBXFileReference; explicitFileType = wrapper.cfbundle; includeInIndex = 0; path = CreativeWorksTimerUITests.xctest; sourceTree = BUILT_PRODUCTS_DIR; };
		A1F9ADE32438D137000B89DB /* CreativeWorksTimerUITests.swift */ = {isa = PBXFileReference; lastKnownFileType = sourcecode.swift; path = CreativeWorksTimerUITests.swift; sourceTree = "<group>"; };
		A1F9ADE52438D137000B89DB /* Info.plist */ = {isa = PBXFileReference; lastKnownFileType = text.plist.xml; path = Info.plist; sourceTree = "<group>"; };
/* End PBXFileReference section */

/* Begin PBXFrameworksBuildPhase section */
		A1F9ADB92438D131000B89DB /* Frameworks */ = {
			isa = PBXFrameworksBuildPhase;
			buildActionMask = 2147483647;
			files = (
				A1F9ADF32438D1D8000B89DB /* Alamofire in Frameworks */,
			);
			runOnlyForDeploymentPostprocessing = 0;
		};
		A1F9ADD12438D137000B89DB /* Frameworks */ = {
			isa = PBXFrameworksBuildPhase;
			buildActionMask = 2147483647;
			files = (
			);
			runOnlyForDeploymentPostprocessing = 0;
		};
		A1F9ADDC2438D137000B89DB /* Frameworks */ = {
			isa = PBXFrameworksBuildPhase;
			buildActionMask = 2147483647;
			files = (
			);
			runOnlyForDeploymentPostprocessing = 0;
		};
/* End PBXFrameworksBuildPhase section */

/* Begin PBXGroup section */
		A1F9ADB32438D131000B89DB = {
			isa = PBXGroup;
			children = (
				A1F9ADBE2438D131000B89DB /* CreativeWorksTimer */,
				A1F9ADD72438D137000B89DB /* CreativeWorksTimerTests */,
				A1F9ADE22438D137000B89DB /* CreativeWorksTimerUITests */,
				A1F9ADBD2438D131000B89DB /* Products */,
			);
			sourceTree = "<group>";
		};
		A1F9ADBD2438D131000B89DB /* Products */ = {
			isa = PBXGroup;
			children = (
				A1F9ADBC2438D131000B89DB /* CreativeWorksTimer.app */,
				A1F9ADD42438D137000B89DB /* CreativeWorksTimerTests.xctest */,
				A1F9ADDF2438D137000B89DB /* CreativeWorksTimerUITests.xctest */,
			);
			name = Products;
			sourceTree = "<group>";
		};
		A1F9ADBE2438D131000B89DB /* CreativeWorksTimer */ = {
			isa = PBXGroup;
			children = (
				A1F9ADBF2438D131000B89DB /* AppDelegate.swift */,
				A1F9ADC12438D131000B89DB /* ContentView.swift */,
				A1F9ADC62438D137000B89DB /* Assets.xcassets */,
				A1F9ADCB2438D137000B89DB /* Main.storyboard */,
				A1F9ADCE2438D137000B89DB /* Info.plist */,
				A1F9ADCF2438D137000B89DB /* CreativeWorksTimer.entitlements */,
				A1F9ADC32438D131000B89DB /* CreativeWorksTimer.xcdatamodeld */,
				A1F9ADC82438D137000B89DB /* Preview Content */,
			);
			path = CreativeWorksTimer;
			sourceTree = "<group>";
		};
		A1F9ADC82438D137000B89DB /* Preview Content */ = {
			isa = PBXGroup;
			children = (
				A1F9ADC92438D137000B89DB /* Preview Assets.xcassets */,
			);
			path = "Preview Content";
			sourceTree = "<group>";
		};
		A1F9ADD72438D137000B89DB /* CreativeWorksTimerTests */ = {
			isa = PBXGroup;
			children = (
				A1F9ADD82438D137000B89DB /* CreativeWorksTimerTests.swift */,
				A1F9ADDA2438D137000B89DB /* Info.plist */,
			);
			path = CreativeWorksTimerTests;
			sourceTree = "<group>";
		};
		A1F9ADE22438D137000B89DB /* CreativeWorksTimerUITests */ = {
			isa = PBXGroup;
			children = (
				A1F9ADE32438D137000B89DB /* CreativeWorksTimerUITests.swift */,
				A1F9ADE52438D137000B89DB /* Info.plist */,
			);
			path = CreativeWorksTimerUITests;
			sourceTree = "<group>";
		};
/* End PBXGroup section */

/* Begin PBXNativeTarget section */
		A1F9ADBB2438D131000B89DB /* CreativeWorksTimer */ = {
			isa = PBXNativeTarget;
			buildConfigurationList = A1F9ADE82438D137000B89DB /* Build configuration list for PBXNativeTarget "CreativeWorksTimer" */;
			buildPhases = (
				A1F9ADB82438D131000B89DB /* Sources */,
				A1F9ADB92438D131000B89DB /* Frameworks */,
				A1F9ADBA2438D131000B89DB /* Resources */,
			);
			buildRules = (
			);
			dependencies = (
			);
			name = CreativeWorksTimer;
			packageProductDependencies = (
				A1F9ADF22438D1D8000B89DB /* Alamofire */,
			);
			productName = CreativeWorksTimer;
			productReference = A1F9ADBC2438D131000B89DB /* CreativeWorksTimer.app */;
			productType = "com.apple.product-type.application";
		};
		A1F9ADD32438D137000B89DB /* CreativeWorksTimerTests */ = {
			isa = PBXNativeTarget;
			buildConfigurationList = A1F9ADEB2438D137000B89DB /* Build configuration list for PBXNativeTarget "CreativeWorksTimerTests" */;
			buildPhases = (
				A1F9ADD02438D137000B89DB /* Sources */,
				A1F9ADD12438D137000B89DB /* Frameworks */,
				A1F9ADD22438D137000B89DB /* Resources */,
			);
			buildRules = (
			);
			dependencies = (
				A1F9ADD62438D137000B89DB /* PBXTargetDependency */,
			);
			name = CreativeWorksTimerTests;
			productName = CreativeWorksTimerTests;
			productReference = A1F9ADD42438D137000B89DB /* CreativeWorksTimerTests.xctest */;
			productType = "com.apple.product-type.bundle.unit-test";
		};
		A1F9ADDE2438D137000B89DB /* CreativeWorksTimerUITests */ = {
			isa = PBXNativeTarget;
			buildConfigurationList = A1F9ADEE2438D137000B89DB /* Build configuration list for PBXNativeTarget "CreativeWorksTimerUITests" */;
			buildPhases = (
				A1F9ADDB2438D137000B89DB /* Sources */,
				A1F9ADDC2438D137000B89DB /* Frameworks */,
				A1F9ADDD2438D137000B89DB /* Resources */,
			);
			buildRules = (
			);
			dependencies = (
				A1F9ADE12438D137000B89DB /* PBXTargetDependency */,
			);
			name = CreativeWorksTimerUITests;
			productName = CreativeWorksTimerUITests;
			productReference = A1F9ADDF2438D137000B89DB /* CreativeWorksTimerUITests.xctest */;
			productType = "com.apple.product-type.bundle.ui-testing";
		};
/* End PBXNativeTarget section */

/* Begin PBXProject section */
		A1F9ADB42438D131000B89DB /* Project object */ = {
			isa = PBXProject;
			attributes = {
				LastSwiftUpdateCheck = 1140;
				LastUpgradeCheck = 1140;
				ORGANIZATIONNAME = "CreativeWorks Systems, Inc";
				TargetAttributes = {
					A1F9ADBB2438D131000B89DB = {
						CreatedOnToolsVersion = 11.4;
					};
					A1F9ADD32438D137000B89DB = {
						CreatedOnToolsVersion = 11.4;
						TestTargetID = A1F9ADBB2438D131000B89DB;
					};
					A1F9ADDE2438D137000B89DB = {
						CreatedOnToolsVersion = 11.4;
						TestTargetID = A1F9ADBB2438D131000B89DB;
					};
				};
			};
			buildConfigurationList = A1F9ADB72438D131000B89DB /* Build configuration list for PBXProject "CreativeWorksTimer" */;
			compatibilityVersion = "Xcode 9.3";
			developmentRegion = en;
			hasScannedForEncodings = 0;
			knownRegions = (
				en,
				Base,
			);
			mainGroup = A1F9ADB32438D131000B89DB;
			packageReferences = (
				A1F9ADF12438D1D8000B89DB /* XCRemoteSwiftPackageReference "Alamofire" */,
			);
			productRefGroup = A1F9ADBD2438D131000B89DB /* Products */;
			projectDirPath = "";
			projectRoot = "";
			targets = (
				A1F9ADBB2438D131000B89DB /* CreativeWorksTimer */,
				A1F9ADD32438D137000B89DB /* CreativeWorksTimerTests */,
				A1F9ADDE2438D137000B89DB /* CreativeWorksTimerUITests */,
			);
		};
/* End PBXProject section */

/* Begin PBXResourcesBuildPhase section */
		A1F9ADBA2438D131000B89DB /* Resources */ = {
			isa = PBXResourcesBuildPhase;
			buildActionMask = 2147483647;
			files = (
				A1F9ADCD2438D137000B89DB /* Main.storyboard in Resources */,
				A1F9ADCA2438D137000B89DB /* Preview Assets.xcassets in Resources */,
				A1F9ADC72438D137000B89DB /* Assets.xcassets in Resources */,
			);
			runOnlyForDeploymentPostprocessing = 0;
		};
		A1F9ADD22438D137000B89DB /* Resources */ = {
			isa = PBXResourcesBuildPhase;
			buildActionMask = 2147483647;
			files = (
			);
			runOnlyForDeploymentPostprocessing = 0;
		};
		A1F9ADDD2438D137000B89DB /* Resources */ = {
			isa = PBXResourcesBuildPhase;
			buildActionMask = 2147483647;
			files = (
			);
			runOnlyForDeploymentPostprocessing = 0;
		};
/* End PBXResourcesBuildPhase section */

/* Begin PBXSourcesBuildPhase section */
		A1F9ADB82438D131000B89DB /* Sources */ = {
			isa = PBXSourcesBuildPhase;
			buildActionMask = 2147483647;
			files = (
				A1F9ADC52438D131000B89DB /* CreativeWorksTimer.xcdatamodeld in Sources */,
				A1F9ADC22438D131000B89DB /* ContentView.swift in Sources */,
				A1F9ADC02438D131000B89DB /* AppDelegate.swift in Sources */,
			);
			runOnlyForDeploymentPostprocessing = 0;
		};
		A1F9ADD02438D137000B89DB /* Sources */ = {
			isa = PBXSourcesBuildPhase;
			buildActionMask = 2147483647;
			files = (
				A1F9ADD92438D137000B89DB /* CreativeWorksTimerTests.swift in Sources */,
			);
			runOnlyForDeploymentPostprocessing = 0;
		};
		A1F9ADDB2438D137000B89DB /* Sources */ = {
			isa = PBXSourcesBuildPhase;
			buildActionMask = 2147483647;
			files = (
				A1F9ADE42438D137000B89DB /* CreativeWorksTimerUITests.swift in Sources */,
			);
			runOnlyForDeploymentPostprocessing = 0;
		};
/* End PBXSourcesBuildPhase section */

/* Begin PBXTargetDependency section */
		A1F9ADD62438D137000B89DB /* PBXTargetDependency */ = {
			isa = PBXTargetDependency;
			target = A1F9ADBB2438D131000B89DB /* CreativeWorksTimer */;
			targetProxy = A1F9ADD52438D137000B89DB /* PBXContainerItemProxy */;
		};
		A1F9ADE12438D137000B89DB /* PBXTargetDependency */ = {
			isa = PBXTargetDependency;
			target = A1F9ADBB2438D131000B89DB /* CreativeWorksTimer */;
			targetProxy = A1F9ADE02438D137000B89DB /* PBXContainerItemProxy */;
		};
/* End PBXTargetDependency section */

/* Begin PBXVariantGroup section */
		A1F9ADCB2438D137000B89DB /* Main.storyboard */ = {
			isa = PBXVariantGroup;
			children = (
				A1F9ADCC2438D137000B89DB /* Base */,
			);
			name = Main.storyboard;
			sourceTree = "<group>";
		};
/* End PBXVariantGroup section */

/* Begin XCBuildConfiguration section */
		A1F9ADE62438D137000B89DB /* Debug */ = {
			isa = XCBuildConfiguration;
			buildSettings = {
				ALWAYS_SEARCH_USER_PATHS = NO;
				CLANG_ANALYZER_NONNULL = YES;
				CLANG_ANALYZER_NUMBER_OBJECT_CONVERSION = YES_AGGRESSIVE;
				CLANG_CXX_LANGUAGE_STANDARD = "gnu++14";
				CLANG_CXX_LIBRARY = "libc++";
				CLANG_ENABLE_MODULES = YES;
				CLANG_ENABLE_OBJC_ARC = YES;
				CLANG_ENABLE_OBJC_WEAK = YES;
				CLANG_WARN_BLOCK_CAPTURE_AUTORELEASING = YES;
				CLANG_WARN_BOOL_CONVERSION = YES;
				CLANG_WARN_COMMA = YES;
				CLANG_WARN_CONSTANT_CONVERSION = YES;
				CLANG_WARN_DEPRECATED_OBJC_IMPLEMENTATIONS = YES;
				CLANG_WARN_DIRECT_OBJC_ISA_USAGE = YES_ERROR;
				CLANG_WARN_DOCUMENTATION_COMMENTS = YES;
				CLANG_WARN_EMPTY_BODY = YES;
				CLANG_WARN_ENUM_CONVERSION = YES;
				CLANG_WARN_INFINITE_RECURSION = YES;
				CLANG_WARN_INT_CONVERSION = YES;
				CLANG_WARN_NON_LITERAL_NULL_CONVERSION = YES;
				CLANG_WARN_OBJC_IMPLICIT_RETAIN_SELF = YES;
				CLANG_WARN_OBJC_LITERAL_CONVERSION = YES;
				CLANG_WARN_OBJC_ROOT_CLASS = YES_ERROR;
				CLANG_WARN_RANGE_LOOP_ANALYSIS = YES;
				CLANG_WARN_STRICT_PROTOTYPES = YES;
				CLANG_WARN_SUSPICIOUS_MOVE = YES;
				CLANG_WARN_UNGUARDED_AVAILABILITY = YES_AGGRESSIVE;
				CLANG_WARN_UNREACHABLE_CODE = YES;
				CLANG_WARN__DUPLICATE_METHOD_MATCH = YES;
				COPY_PHASE_STRIP = NO;
				DEBUG_INFORMATION_FORMAT = dwarf;
				ENABLE_STRICT_OBJC_MSGSEND = YES;
				ENABLE_TESTABILITY = YES;
				GCC_C_LANGUAGE_STANDARD = gnu11;
				GCC_DYNAMIC_NO_PIC = NO;
				GCC_NO_COMMON_BLOCKS = YES;
				GCC_OPTIMIZATION_LEVEL = 0;
				GCC_PREPROCESSOR_DEFINITIONS = (
					"DEBUG=1",
					"$(inherited)",
				);
				GCC_WARN_64_TO_32_BIT_CONVERSION = YES;
				GCC_WARN_ABOUT_RETURN_TYPE = YES_ERROR;
				GCC_WARN_UNDECLARED_SELECTOR = YES;
				GCC_WARN_UNINITIALIZED_AUTOS = YES_AGGRESSIVE;
				GCC_WARN_UNUSED_FUNCTION = YES;
				GCC_WARN_UNUSED_VARIABLE = YES;
				MACOSX_DEPLOYMENT_TARGET = 10.15;
				MTL_ENABLE_DEBUG_INFO = INCLUDE_SOURCE;
				MTL_FAST_MATH = YES;
				ONLY_ACTIVE_ARCH = YES;
				SDKROOT = macosx;
				SWIFT_ACTIVE_COMPILATION_CONDITIONS = DEBUG;
				SWIFT_OPTIMIZATION_LEVEL = "-Onone";
			};
			name = Debug;
		};
		A1F9ADE72438D137000B89DB /* Release */ = {
			isa = XCBuildConfiguration;
			buildSettings = {
				ALWAYS_SEARCH_USER_PATHS = NO;
				CLANG_ANALYZER_NONNULL = YES;
				CLANG_ANALYZER_NUMBER_OBJECT_CONVERSION = YES_AGGRESSIVE;
				CLANG_CXX_LANGUAGE_STANDARD = "gnu++14";
				CLANG_CXX_LIBRARY = "libc++";
				CLANG_ENABLE_MODULES = YES;
				CLANG_ENABLE_OBJC_ARC = YES;
				CLANG_ENABLE_OBJC_WEAK = YES;
				CLANG_WARN_BLOCK_CAPTURE_AUTORELEASING = YES;
				CLANG_WARN_BOOL_CONVERSION = YES;
				CLANG_WARN_COMMA = YES;
				CLANG_WARN_CONSTANT_CONVERSION = YES;
				CLANG_WARN_DEPRECATED_OBJC_IMPLEMENTATIONS = YES;
				CLANG_WARN_DIRECT_OBJC_ISA_USAGE = YES_ERROR;
				CLANG_WARN_DOCUMENTATION_COMMENTS = YES;
				CLANG_WARN_EMPTY_BODY = YES;
				CLANG_WARN_ENUM_CONVERSION = YES;
				CLANG_WARN_INFINITE_RECURSION = YES;
				CLANG_WARN_INT_CONVERSION = YES;
				CLANG_WARN_NON_LITERAL_NULL_CONVERSION = YES;
				CLANG_WARN_OBJC_IMPLICIT_RETAIN_SELF = YES;
				CLANG_WARN_OBJC_LITERAL_CONVERSION = YES;
				CLANG_WARN_OBJC_ROOT_CLASS = YES_ERROR;
				CLANG_WARN_RANGE_LOOP_ANALYSIS = YES;
				CLANG_WARN_STRICT_PROTOTYPES = YES;
				CLANG_WARN_SUSPICIOUS_MOVE = YES;
				CLANG_WARN_UNGUARDED_AVAILABILITY = YES_AGGRESSIVE;
				CLANG_WARN_UNREACHABLE_CODE = YES;
				CLANG_WARN__DUPLICATE_METHOD_MATCH = YES;
				COPY_PHASE_STRIP = NO;
				DEBUG_INFORMATION_FORMAT = "dwarf-with-dsym";
				ENABLE_NS_ASSERTIONS = NO;
				ENABLE_STRICT_OBJC_MSGSEND = YES;
				GCC_C_LANGUAGE_STANDARD = gnu11;
				GCC_NO_COMMON_BLOCKS = YES;
				GCC_WARN_64_TO_32_BIT_CONVERSION = YES;
				GCC_WARN_ABOUT_RETURN_TYPE = YES_ERROR;
				GCC_WARN_UNDECLARED_SELECTOR = YES;
				GCC_WARN_UNINITIALIZED_AUTOS = YES_AGGRESSIVE;
				GCC_WARN_UNUSED_FUNCTION = YES;
				GCC_WARN_UNUSED_VARIABLE = YES;
				MACOSX_DEPLOYMENT_TARGET = 10.15;
				MTL_ENABLE_DEBUG_INFO = NO;
				MTL_FAST_MATH = YES;
				SDKROOT = macosx;
				SWIFT_COMPILATION_MODE = wholemodule;
				SWIFT_OPTIMIZATION_LEVEL = "-O";
			};
			name = Release;
		};
		A1F9ADE92438D137000B89DB /* Debug */ = {
			isa = XCBuildConfiguration;
			buildSettings = {
				ASSETCATALOG_COMPILER_APPICON_NAME = AppIcon;
				CODE_SIGN_ENTITLEMENTS = CreativeWorksTimer/CreativeWorksTimer.entitlements;
				CODE_SIGN_STYLE = Automatic;
				COMBINE_HIDPI_IMAGES = YES;
				DEVELOPMENT_ASSET_PATHS = "\"CreativeWorksTimer/Preview Content\"";
				DEVELOPMENT_TEAM = B278N4R434;
				ENABLE_HARDENED_RUNTIME = YES;
				ENABLE_PREVIEWS = YES;
				INFOPLIST_FILE = CreativeWorksTimer/Info.plist;
				LD_RUNPATH_SEARCH_PATHS = (
					"$(inherited)",
					"@executable_path/../Frameworks",
				);
				MACOSX_DEPLOYMENT_TARGET = 10.15;
				PRODUCT_BUNDLE_IDENTIFIER = com.creativeworks.CreativeWorksTimer;
				PRODUCT_NAME = "$(TARGET_NAME)";
				SWIFT_VERSION = 5.0;
			};
			name = Debug;
		};
		A1F9ADEA2438D137000B89DB /* Release */ = {
			isa = XCBuildConfiguration;
			buildSettings = {
				ASSETCATALOG_COMPILER_APPICON_NAME = AppIcon;
				CODE_SIGN_ENTITLEMENTS = CreativeWorksTimer/CreativeWorksTimer.entitlements;
				CODE_SIGN_STYLE = Automatic;
				COMBINE_HIDPI_IMAGES = YES;
				DEVELOPMENT_ASSET_PATHS = "\"CreativeWorksTimer/Preview Content\"";
				DEVELOPMENT_TEAM = B278N4R434;
				ENABLE_HARDENED_RUNTIME = YES;
				ENABLE_PREVIEWS = YES;
				INFOPLIST_FILE = CreativeWorksTimer/Info.plist;
				LD_RUNPATH_SEARCH_PATHS = (
					"$(inherited)",
					"@executable_path/../Frameworks",
				);
				MACOSX_DEPLOYMENT_TARGET = 10.15;
				PRODUCT_BUNDLE_IDENTIFIER = com.creativeworks.CreativeWorksTimer;
				PRODUCT_NAME = "$(TARGET_NAME)";
				SWIFT_VERSION = 5.0;
			};
			name = Release;
		};
		A1F9ADEC2438D137000B89DB /* Debug */ = {
			isa = XCBuildConfiguration;
			buildSettings = {
				ALWAYS_EMBED_SWIFT_STANDARD_LIBRARIES = YES;
				BUNDLE_LOADER = "$(TEST_HOST)";
				CODE_SIGN_STYLE = Automatic;
				COMBINE_HIDPI_IMAGES = YES;
				DEVELOPMENT_TEAM = B278N4R434;
				INFOPLIST_FILE = CreativeWorksTimerTests/Info.plist;
				LD_RUNPATH_SEARCH_PATHS = (
					"$(inherited)",
					"@executable_path/../Frameworks",
					"@loader_path/../Frameworks",
				);
				MACOSX_DEPLOYMENT_TARGET = 10.15;
				PRODUCT_BUNDLE_IDENTIFIER = com.creativeworks.CreativeWorksTimerTests;
				PRODUCT_NAME = "$(TARGET_NAME)";
				SWIFT_VERSION = 5.0;
				TEST_HOST = "$(BUILT_PRODUCTS_DIR)/CreativeWorksTimer.app/Contents/MacOS/CreativeWorksTimer";
			};
			name = Debug;
		};
		A1F9ADED2438D137000B89DB /* Release */ = {
			isa = XCBuildConfiguration;
			buildSettings = {
				ALWAYS_EMBED_SWIFT_STANDARD_LIBRARIES = YES;
				BUNDLE_LOADER = "$(TEST_HOST)";
				CODE_SIGN_STYLE = Automatic;
				COMBINE_HIDPI_IMAGES = YES;
				DEVELOPMENT_TEAM = B278N4R434;
				INFOPLIST_FILE = CreativeWorksTimerTests/Info.plist;
				LD_RUNPATH_SEARCH_PATHS = (
					"$(inherited)",
					"@executable_path/../Frameworks",
					"@loader_path/../Frameworks",
				);
				MACOSX_DEPLOYMENT_TARGET = 10.15;
				PRODUCT_BUNDLE_IDENTIFIER = com.creativeworks.CreativeWorksTimerTests;
				PRODUCT_NAME = "$(TARGET_NAME)";
				SWIFT_VERSION = 5.0;
				TEST_HOST = "$(BUILT_PRODUCTS_DIR)/CreativeWorksTimer.app/Contents/MacOS/CreativeWorksTimer";
			};
			name = Release;
		};
		A1F9ADEF2438D137000B89DB /* Debug */ = {
			isa = XCBuildConfiguration;
			buildSettings = {
				ALWAYS_EMBED_SWIFT_STANDARD_LIBRARIES = YES;
				CODE_SIGN_STYLE = Automatic;
				COMBINE_HIDPI_IMAGES = YES;
				DEVELOPMENT_TEAM = B278N4R434;
				INFOPLIST_FILE = CreativeWorksTimerUITests/Info.plist;
				LD_RUNPATH_SEARCH_PATHS = (
					"$(inherited)",
					"@executable_path/../Frameworks",
					"@loader_path/../Frameworks",
				);
				PRODUCT_BUNDLE_IDENTIFIER = com.creativeworks.CreativeWorksTimerUITests;
				PRODUCT_NAME = "$(TARGET_NAME)";
				SWIFT_VERSION = 5.0;
				TEST_TARGET_NAME = CreativeWorksTimer;
			};
			name = Debug;
		};
		A1F9ADF02438D137000B89DB /* Release */ = {
			isa = XCBuildConfiguration;
			buildSettings = {
				ALWAYS_EMBED_SWIFT_STANDARD_LIBRARIES = YES;
				CODE_SIGN_STYLE = Automatic;
				COMBINE_HIDPI_IMAGES = YES;
				DEVELOPMENT_TEAM = B278N4R434;
				INFOPLIST_FILE = CreativeWorksTimerUITests/Info.plist;
				LD_RUNPATH_SEARCH_PATHS = (
					"$(inherited)",
					"@executable_path/../Frameworks",
					"@loader_path/../Frameworks",
				);
				PRODUCT_BUNDLE_IDENTIFIER = com.creativeworks.CreativeWorksTimerUITests;
				PRODUCT_NAME = "$(TARGET_NAME)";
				SWIFT_VERSION = 5.0;
				TEST_TARGET_NAME = CreativeWorksTimer;
			};
			name = Release;
		};
/* End XCBuildConfiguration section */

/* Begin XCConfigurationList section */
		A1F9ADB72438D131000B89DB /* Build configuration list for PBXProject "CreativeWorksTimer" */ = {
			isa = XCConfigurationList;
			buildConfigurations = (
				A1F9ADE62438D137000B89DB /* Debug */,
				A1F9ADE72438D137000B89DB /* Release */,
			);
			defaultConfigurationIsVisible = 0;
			defaultConfigurationName = Release;
		};
		A1F9ADE82438D137000B89DB /* Build configuration list for PBXNativeTarget "CreativeWorksTimer" */ = {
			isa = XCConfigurationList;
			buildConfigurations = (
				A1F9ADE92438D137000B89DB /* Debug */,
				A1F9ADEA2438D137000B89DB /* Release */,
			);
			defaultConfigurationIsVisible = 0;
			defaultConfigurationName = Release;
		};
		A1F9ADEB2438D137000B89DB /* Build configuration list for PBXNativeTarget "CreativeWorksTimerTests" */ = {
			isa = XCConfigurationList;
			buildConfigurations = (
				A1F9ADEC2438D137000B89DB /* Debug */,
				A1F9ADED2438D137000B89DB /* Release */,
			);
			defaultConfigurationIsVisible = 0;
			defaultConfigurationName = Release;
		};
		A1F9ADEE2438D137000B89DB /* Build configuration list for PBXNativeTarget "CreativeWorksTimerUITests" */ = {
			isa = XCConfigurationList;
			buildConfigurations = (
				A1F9ADEF2438D137000B89DB /* Debug */,
				A1F9ADF02438D137000B89DB /* Release */,
			);
			defaultConfigurationIsVisible = 0;
			defaultConfigurationName = Release;
		};
/* End XCConfigurationList section */

/* Begin XCRemoteSwiftPackageReference section */
		A1F9ADF12438D1D8000B89DB /* XCRemoteSwiftPackageReference "Alamofire" */ = {
			isa = XCRemoteSwiftPackageReference;
			repositoryURL = "https://github.com/Alamofire/Alamofire.git";
			requirement = {
				kind = upToNextMajorVersion;
				minimumVersion = 5.0.5;
			};
		};
/* End XCRemoteSwiftPackageReference section */

/* Begin XCSwiftPackageProductDependency section */
		A1F9ADF22438D1D8000B89DB /* Alamofire */ = {
			isa = XCSwiftPackageProductDependency;
			package = A1F9ADF12438D1D8000B89DB /* XCRemoteSwiftPackageReference "Alamofire" */;
			productName = Alamofire;
		};
/* End XCSwiftPackageProductDependency section */

/* Begin XCVersionGroup section */
		A1F9ADC32438D131000B89DB /* CreativeWorksTimer.xcdatamodeld */ = {
			isa = XCVersionGroup;
			children = (
				A1F9ADC42438D131000B89DB /* CreativeWorksTimer.xcdatamodel */,
			);
			currentVersion = A1F9ADC42438D131000B89DB /* CreativeWorksTimer.xcdatamodel */;
			path = CreativeWorksTimer.xcdatamodeld;
			sourceTree = "<group>";
			versionGroupType = wrapper.xcdatamodel;
		};
/* End XCVersionGroup section */
	};
	rootObject = A1F9ADB42438D131000B89DB /* Project object */;
}
